
Microsoft Visual Studio Solution File, Format Version 12.00
# Visual Studio Version 16
VisualStudioVersion = 16.0.32126.315
MinimumVisualStudioVersion = 10.0.40219.1
Project("{FAE04EC0-301F-11D3-BF4B-00C04F79EFBC}") = "LeThiKimLe_20110248_Bai1", "LeThiKimLe_20110248_Bai1\LeThiKimLe_20110248_Bai1.csproj", "{B934DBA3-B6F2-4C48-84E0-2492917F0EB1}"
EndProject
Project("{FAE04EC0-301F-11D3-BF4B-00C04F79EFBC}") = "ClassObject", "ClassObject\ClassObject.csproj", "{21B6BBB6-A398-4627-925B-7E4E7B43FD89}"
EndProject
Global
	GlobalSection(SolutionConfigurationPlatforms) = preSolution
		Debug|Any CPU = Debug|Any CPU
		Release|Any CPU = Release|Any CPU
	EndGlobalSection
	GlobalSection(ProjectConfigurationPlatforms) = postSolution
		{B934DBA3-B6F2-4C48-84E0-2492917F0EB1}.Debug|Any CPU.ActiveCfg = Debug|Any CPU
		{B934DBA3-B6F2-4C48-84E0-2492917F0EB1}.Debug|Any CPU.Build.0 = Debug|Any CPU
		{B934DBA3-B6F2-4C48-84E0-2492917F0EB1}.Release|Any CPU.ActiveCfg = Release|Any CPU
		{B934DBA3-B6F2-4C48-84E0-2492917F0EB1}.Release|Any CPU.Build.0 = Release|Any CPU
		{21B6BBB6-A398-4627-925B-7E4E7B43FD89}.Debug|Any CPU.ActiveCfg = Debug|Any CPU
		{21B6BBB6-A398-4627-925B-7E4E7B43FD89}.Debug|Any CPU.Build.0 = Debug|Any CPU
		{21B6BBB6-A398-4627-925B-7E4E7B43FD89}.Release|Any CPU.ActiveCfg = Release|Any CPU
		{21B6BBB6-A398-4627-925B-7E4E7B43FD89}.Release|Any CPU.Build.0 = Release|Any CPU
	EndGlobalSection
	GlobalSection(SolutionProperties) = preSolution
		HideSolutionNode = FALSE
	EndGlobalSection
	GlobalSection(ExtensibilityGlobals) = postSolution
		SolutionGuid = {54989BE5-BDEF-4D69-995C-BF78EE964175}
	EndGlobalSection
EndGlobal
